
Microsoft Visual Studio Solution File, Format Version 12.00
# Visual Studio Version 17
VisualStudioVersion = 17.7.34024.191
MinimumVisualStudioVersion = 10.0.40219.1
Project("{9A19103F-16F7-4668-BE54-9A1E7A4F7556}") = "ShopFashion.WebApp", "ShopFashion.WebApp\ShopFashion.WebApp.csproj", "{0DCFEDED-1765-4065-83CE-2409A1271113}"
EndProject
Project("{FAE04EC0-301F-11D3-BF4B-00C04F79EFBC}") = "ShopFashion.Data", "ShopFashion.Data\ShopFashion.Data.csproj", "{6E9B47C8-AA46-4339-9B48-624E60EAB91E}"
EndProject
Project("{FAE04EC0-301F-11D3-BF4B-00C04F79EFBC}") = "ShopFashion.Application", "ShopFashion.Application\ShopFashion.Application.csproj", "{BEC2C434-1E24-4C6B-B5F2-004A66F2AF05}"
EndProject
Global
	GlobalSection(SolutionConfigurationPlatforms) = preSolution
		Debug|Any CPU = Debug|Any CPU
		Release|Any CPU = Release|Any CPU
	EndGlobalSection
	GlobalSection(ProjectConfigurationPlatforms) = postSolution
		{0DCFEDED-1765-4065-83CE-2409A1271113}.Debug|Any CPU.ActiveCfg = Debug|Any CPU
		{0DCFEDED-1765-4065-83CE-2409A1271113}.Debug|Any CPU.Build.0 = Debug|Any CPU
		{0DCFEDED-1765-4065-83CE-2409A1271113}.Release|Any CPU.ActiveCfg = Release|Any CPU
		{0DCFEDED-1765-4065-83CE-2409A1271113}.Release|Any CPU.Build.0 = Release|Any CPU
		{6E9B47C8-AA46-4339-9B48-624E60EAB91E}.Debug|Any CPU.ActiveCfg = Debug|Any CPU
		{6E9B47C8-AA46-4339-9B48-624E60EAB91E}.Debug|Any CPU.Build.0 = Debug|Any CPU
		{6E9B47C8-AA46-4339-9B48-624E60EAB91E}.Release|Any CPU.ActiveCfg = Release|Any CPU
		{6E9B47C8-AA46-4339-9B48-624E60EAB91E}.Release|Any CPU.Build.0 = Release|Any CPU
		{BEC2C434-1E24-4C6B-B5F2-004A66F2AF05}.Debug|Any CPU.ActiveCfg = Debug|Any CPU
		{BEC2C434-1E24-4C6B-B5F2-004A66F2AF05}.Debug|Any CPU.Build.0 = Debug|Any CPU
		{BEC2C434-1E24-4C6B-B5F2-004A66F2AF05}.Release|Any CPU.ActiveCfg = Release|Any CPU
		{BEC2C434-1E24-4C6B-B5F2-004A66F2AF05}.Release|Any CPU.Build.0 = Release|Any CPU
	EndGlobalSection
	GlobalSection(SolutionProperties) = preSolution
		HideSolutionNode = FALSE
	EndGlobalSection
	GlobalSection(ExtensibilityGlobals) = postSolution
		SolutionGuid = {83244E72-59A1-45D0-B024-38EF35EEFA68}
	EndGlobalSection
EndGlobal
